
Microsoft Visual Studio Solution File, Format Version 12.00
# Visual Studio Version 16
VisualStudioVersion = 16.0.30114.105
MinimumVisualStudioVersion = 10.0.40219.1
Project("{FAE04EC0-301F-11D3-BF4B-00C04F79EFBC}") = "VSIXChineseCompletion", "VSIXChineseCompletion\VSIXChineseCompletion.csproj", "{F3C15572-6461-4BF9-A6C0-6524A6152136}"
EndProject
Global
	GlobalSection(SolutionConfigurationPlatforms) = preSolution
		Debug|Any CPU = Debug|Any CPU
		Release|Any CPU = Release|Any CPU
	EndGlobalSection
	GlobalSection(ProjectConfigurationPlatforms) = postSolution
		{F3C15572-6461-4BF9-A6C0-6524A6152136}.Debug|Any CPU.ActiveCfg = Debug|Any CPU
		{F3C15572-6461-4BF9-A6C0-6524A6152136}.Debug|Any CPU.Build.0 = Debug|Any CPU
		{F3C15572-6461-4BF9-A6C0-6524A6152136}.Release|Any CPU.ActiveCfg = Release|Any CPU
		{F3C15572-6461-4BF9-A6C0-6524A6152136}.Release|Any CPU.Build.0 = Release|Any CPU
	EndGlobalSection
	GlobalSection(SolutionProperties) = preSolution
		HideSolutionNode = FALSE
	EndGlobalSection
	GlobalSection(ExtensibilityGlobals) = postSolution
		SolutionGuid = {B58EF963-9FC0-4C41-9778-519FC065CBB5}
	EndGlobalSection
EndGlobal
